
Microsoft Visual Studio Solution File, Format Version 12.00
# Visual Studio Version 17
VisualStudioVersion = 17.5.002.0
MinimumVisualStudioVersion = 10.0.40219.1
Project("{9A19103F-16F7-4668-BE54-9A1E7A4F7556}") = "Add2NumbersEndPoint", "Add2NumbersEndPoint.csproj", "{741C097D-41B7-44EC-A968-00F2213180DC}"
EndProject
Global
	GlobalSection(SolutionConfigurationPlatforms) = preSolution
		Debug|Any CPU = Debug|Any CPU
		Release|Any CPU = Release|Any CPU
	EndGlobalSection
	GlobalSection(ProjectConfigurationPlatforms) = postSolution
		{741C097D-41B7-44EC-A968-00F2213180DC}.Debug|Any CPU.ActiveCfg = Debug|Any CPU
		{741C097D-41B7-44EC-A968-00F2213180DC}.Debug|Any CPU.Build.0 = Debug|Any CPU
		{741C097D-41B7-44EC-A968-00F2213180DC}.Release|Any CPU.ActiveCfg = Release|Any CPU
		{741C097D-41B7-44EC-A968-00F2213180DC}.Release|Any CPU.Build.0 = Release|Any CPU
	EndGlobalSection
	GlobalSection(SolutionProperties) = preSolution
		HideSolutionNode = FALSE
	EndGlobalSection
	GlobalSection(ExtensibilityGlobals) = postSolution
		SolutionGuid = {9D086E46-C962-44C4-8620-ABFFA2B9A85F}
	EndGlobalSection
EndGlobal
